
Microsoft Visual Studio Solution File, Format Version 12.00
# Visual Studio Version 16
VisualStudioVersion = 16.0.30204.135
MinimumVisualStudioVersion = 10.0.40219.1
Project("{FAE04EC0-301F-11D3-BF4B-00C04F79EFBC}") = "fixmygamemaine", "fixmygamemaine\fixmygamemaine.csproj", "{72F0C2C0-A4DD-46DD-8321-70330749F9A7}"
EndProject
Global
	GlobalSection(SolutionConfigurationPlatforms) = preSolution
		Debug|Any CPU = Debug|Any CPU
		Release|Any CPU = Release|Any CPU
	EndGlobalSection
	GlobalSection(ProjectConfigurationPlatforms) = postSolution
		{72F0C2C0-A4DD-46DD-8321-70330749F9A7}.Debug|Any CPU.ActiveCfg = Debug|Any CPU
		{72F0C2C0-A4DD-46DD-8321-70330749F9A7}.Debug|Any CPU.Build.0 = Debug|Any CPU
		{72F0C2C0-A4DD-46DD-8321-70330749F9A7}.Release|Any CPU.ActiveCfg = Release|Any CPU
		{72F0C2C0-A4DD-46DD-8321-70330749F9A7}.Release|Any CPU.Build.0 = Release|Any CPU
	EndGlobalSection
	GlobalSection(SolutionProperties) = preSolution
		HideSolutionNode = FALSE
	EndGlobalSection
	GlobalSection(ExtensibilityGlobals) = postSolution
		SolutionGuid = {AA1DEC9E-5AE9-4585-83B4-B57911D8CD4B}
	EndGlobalSection
EndGlobal
